{
    "name": "Teori11_2172003",
    "version": "1.0.0",
    "lockfileVersion": 3,
    "requires": true,
    "packages": {
        "": {
            "dependencies": {
                "dat.gui": "^0.7.9",
                "three": "^0.158.0"
            }
        },
        "node_modules/dat.gui": {
            "version": "0.7.9",
            "resolved": "https://registry.npmjs.org/dat.gui/-/dat.gui-0.7.9.tgz",
            "integrity": "sha512-sCNc1OHobc+Erc1HqiswYgHdVNpSJUlk/Hz8vzOCsER7rl+oF/4+v8GXFUyCgtXpoCX6+bnmg07DedLvBLwYKQ=="
        },
        "node_modules/three": {
            "version": "0.158.0",
            "resolved": "https://registry.npmjs.org/three/-/three-0.158.0.tgz",
            "integrity": "sha512-TALj4EOpdDPF1henk2Q+s17K61uEAAWQ7TJB68nr7FKxqwyDr3msOt5IWdbGm4TaWKjrtWS8DJJWe9JnvsWOhQ=="
        }
    }
}
